{
    "requires": true,
    "lockfileVersion": 1,
    "dependencies": {
        "webpack-laravel-mix-manifest": {
            "version": "2.0.5",
            "resolved": "https://registry.npmjs.org/webpack-laravel-mix-manifest/-/webpack-laravel-mix-manifest-2.0.5.tgz",
            "integrity": "sha512-aPppZ3L+4iyOag4MTLCq1STM5Y9JypdZZjpkzqsWe9JvrZp6coxawLPcH47kOUet5BR7vmEO0b3oKME9Hs17OQ==",
            "dev": true
        }
    }
}
